
Microsoft Visual Studio Solution File, Format Version 12.00
# Visual Studio 15
VisualStudioVersion = 15.0.27130.2010
MinimumVisualStudioVersion = 10.0.40219.1
Project("{8BC9CEB8-8B4A-11D0-8D11-00A0C91BC942}") = "AmpDetectDLL", "..\Shared\AmpDetectDLL\AmpDetectDLL.vcxproj", "{D89AB9D7-8745-4A97-B4AC-D0906F89E522}"
EndProject
Project("{8BC9CEB8-8B4A-11D0-8D11-00A0C91BC942}") = "AmpDetectControlSW", "AmpDetectControlSW\AmpDetectControlSW.vcxproj", "{5BBE4A19-C4CB-4DFC-93BB-372D2F248D48}"
	ProjectSection(ProjectDependencies) = postProject
		{D89AB9D7-8745-4A97-B4AC-D0906F89E522} = {D89AB9D7-8745-4A97-B4AC-D0906F89E522}
	EndProjectSection
EndProject
Project("{54435603-DBB4-11D2-8724-00A0C9A8B90C}") = "AmpDetectControlSWInstaller", "AmpDetectControlSWInstaller\AmpDetectControlSWInstaller.vdproj", "{9EC48160-5546-448E-B046-5A6DCDC5894F}"
	ProjectSection(ProjectDependencies) = postProject
		{D89AB9D7-8745-4A97-B4AC-D0906F89E522} = {D89AB9D7-8745-4A97-B4AC-D0906F89E522}
	EndProjectSection
EndProject
Global
	GlobalSection(SolutionConfigurationPlatforms) = preSolution
		Debug|x64 = Debug|x64
		Debug|x86 = Debug|x86
		Release|x64 = Release|x64
		Release|x86 = Release|x86
	EndGlobalSection
	GlobalSection(ProjectConfigurationPlatforms) = postSolution
		{D89AB9D7-8745-4A97-B4AC-D0906F89E522}.Debug|x64.ActiveCfg = Debug|x64
		{D89AB9D7-8745-4A97-B4AC-D0906F89E522}.Debug|x64.Build.0 = Debug|x64
		{D89AB9D7-8745-4A97-B4AC-D0906F89E522}.Debug|x86.ActiveCfg = Debug|Win32
		{D89AB9D7-8745-4A97-B4AC-D0906F89E522}.Debug|x86.Build.0 = Debug|Win32
		{D89AB9D7-8745-4A97-B4AC-D0906F89E522}.Release|x64.ActiveCfg = Release|x64
		{D89AB9D7-8745-4A97-B4AC-D0906F89E522}.Release|x64.Build.0 = Release|x64
		{D89AB9D7-8745-4A97-B4AC-D0906F89E522}.Release|x86.ActiveCfg = Release|Win32
		{D89AB9D7-8745-4A97-B4AC-D0906F89E522}.Release|x86.Build.0 = Release|Win32
		{5BBE4A19-C4CB-4DFC-93BB-372D2F248D48}.Debug|x64.ActiveCfg = Debug|x64
		{5BBE4A19-C4CB-4DFC-93BB-372D2F248D48}.Debug|x64.Build.0 = Debug|x64
		{5BBE4A19-C4CB-4DFC-93BB-372D2F248D48}.Debug|x86.ActiveCfg = Debug|Win32
		{5BBE4A19-C4CB-4DFC-93BB-372D2F248D48}.Debug|x86.Build.0 = Debug|Win32
		{5BBE4A19-C4CB-4DFC-93BB-372D2F248D48}.Release|x64.ActiveCfg = Release|x64
		{5BBE4A19-C4CB-4DFC-93BB-372D2F248D48}.Release|x64.Build.0 = Release|x64
		{5BBE4A19-C4CB-4DFC-93BB-372D2F248D48}.Release|x86.ActiveCfg = Release|Win32
		{5BBE4A19-C4CB-4DFC-93BB-372D2F248D48}.Release|x86.Build.0 = Release|Win32
		{9EC48160-5546-448E-B046-5A6DCDC5894F}.Debug|x64.ActiveCfg = Debug
		{9EC48160-5546-448E-B046-5A6DCDC5894F}.Debug|x64.Build.0 = Debug
		{9EC48160-5546-448E-B046-5A6DCDC5894F}.Debug|x86.ActiveCfg = Debug
		{9EC48160-5546-448E-B046-5A6DCDC5894F}.Debug|x86.Build.0 = Debug
		{9EC48160-5546-448E-B046-5A6DCDC5894F}.Release|x64.ActiveCfg = Release
		{9EC48160-5546-448E-B046-5A6DCDC5894F}.Release|x64.Build.0 = Release
		{9EC48160-5546-448E-B046-5A6DCDC5894F}.Release|x86.ActiveCfg = Release
		{9EC48160-5546-448E-B046-5A6DCDC5894F}.Release|x86.Build.0 = Release
	EndGlobalSection
	GlobalSection(SolutionProperties) = preSolution
		HideSolutionNode = FALSE
	EndGlobalSection
	GlobalSection(ExtensibilityGlobals) = postSolution
		SolutionGuid = {71338602-77FF-4BC9-BD71-407F34A722B7}
	EndGlobalSection
EndGlobal
